
Microsoft Visual Studio Solution File, Format Version 12.00
# Visual Studio Version 17
VisualStudioVersion = 17.3.32922.545
MinimumVisualStudioVersion = 10.0.40219.1
Project("{8BC9CEB8-8B4A-11D0-8D11-00A0C91BC942}") = "Program9_ShareOfSavings", "Program9\Program9.vcxproj", "{ECDFAA19-024D-458C-9149-FCF41761E540}"
EndProject
Project("{8BC9CEB8-8B4A-11D0-8D11-00A0C91BC942}") = "Program10_shareOfHaribo", "Program10_shareOfHaribo\Program10_shareOfHaribo.vcxproj", "{C1B3B5F8-51EA-41B8-B6CE-F9CC2EA15791}"
EndProject
Project("{8BC9CEB8-8B4A-11D0-8D11-00A0C91BC942}") = "Program11_DoomDifficultyMenu", "Program11_DoomDifficultyMenu\Program11_DoomDifficultyMenu.vcxproj", "{8853DD83-8548-470C-B5FE-26051A3F6889}"
EndProject
Project("{8BC9CEB8-8B4A-11D0-8D11-00A0C91BC942}") = "Program12_ifThisThenThat", "Program12_ifThisThenThat\Program12_ifThisThenThat.vcxproj", "{9B906695-C141-4F61-9736-0A57FA7E7D97}"
EndProject
Project("{8BC9CEB8-8B4A-11D0-8D11-00A0C91BC942}") = "Program13_Discount", "Program13_Discount\Program13_Discount.vcxproj", "{3F7D86FB-EEA0-4C84-8F3A-EEF593612E16}"
EndProject
Global
	GlobalSection(SolutionConfigurationPlatforms) = preSolution
		Debug|x64 = Debug|x64
		Debug|x86 = Debug|x86
		Release|x64 = Release|x64
		Release|x86 = Release|x86
	EndGlobalSection
	GlobalSection(ProjectConfigurationPlatforms) = postSolution
		{ECDFAA19-024D-458C-9149-FCF41761E540}.Debug|x64.ActiveCfg = Debug|x64
		{ECDFAA19-024D-458C-9149-FCF41761E540}.Debug|x64.Build.0 = Debug|x64
		{ECDFAA19-024D-458C-9149-FCF41761E540}.Debug|x86.ActiveCfg = Debug|Win32
		{ECDFAA19-024D-458C-9149-FCF41761E540}.Debug|x86.Build.0 = Debug|Win32
		{ECDFAA19-024D-458C-9149-FCF41761E540}.Release|x64.ActiveCfg = Release|x64
		{ECDFAA19-024D-458C-9149-FCF41761E540}.Release|x64.Build.0 = Release|x64
		{ECDFAA19-024D-458C-9149-FCF41761E540}.Release|x86.ActiveCfg = Release|Win32
		{ECDFAA19-024D-458C-9149-FCF41761E540}.Release|x86.Build.0 = Release|Win32
		{C1B3B5F8-51EA-41B8-B6CE-F9CC2EA15791}.Debug|x64.ActiveCfg = Debug|x64
		{C1B3B5F8-51EA-41B8-B6CE-F9CC2EA15791}.Debug|x64.Build.0 = Debug|x64
		{C1B3B5F8-51EA-41B8-B6CE-F9CC2EA15791}.Debug|x86.ActiveCfg = Debug|Win32
		{C1B3B5F8-51EA-41B8-B6CE-F9CC2EA15791}.Debug|x86.Build.0 = Debug|Win32
		{C1B3B5F8-51EA-41B8-B6CE-F9CC2EA15791}.Release|x64.ActiveCfg = Release|x64
		{C1B3B5F8-51EA-41B8-B6CE-F9CC2EA15791}.Release|x64.Build.0 = Release|x64
		{C1B3B5F8-51EA-41B8-B6CE-F9CC2EA15791}.Release|x86.ActiveCfg = Release|Win32
		{C1B3B5F8-51EA-41B8-B6CE-F9CC2EA15791}.Release|x86.Build.0 = Release|Win32
		{8853DD83-8548-470C-B5FE-26051A3F6889}.Debug|x64.ActiveCfg = Debug|x64
		{8853DD83-8548-470C-B5FE-26051A3F6889}.Debug|x64.Build.0 = Debug|x64
		{8853DD83-8548-470C-B5FE-26051A3F6889}.Debug|x86.ActiveCfg = Debug|Win32
		{8853DD83-8548-470C-B5FE-26051A3F6889}.Debug|x86.Build.0 = Debug|Win32
		{8853DD83-8548-470C-B5FE-26051A3F6889}.Release|x64.ActiveCfg = Release|x64
		{8853DD83-8548-470C-B5FE-26051A3F6889}.Release|x64.Build.0 = Release|x64
		{8853DD83-8548-470C-B5FE-26051A3F6889}.Release|x86.ActiveCfg = Release|Win32
		{8853DD83-8548-470C-B5FE-26051A3F6889}.Release|x86.Build.0 = Release|Win32
		{9B906695-C141-4F61-9736-0A57FA7E7D97}.Debug|x64.ActiveCfg = Debug|x64
		{9B906695-C141-4F61-9736-0A57FA7E7D97}.Debug|x64.Build.0 = Debug|x64
		{9B906695-C141-4F61-9736-0A57FA7E7D97}.Debug|x86.ActiveCfg = Debug|Win32
		{9B906695-C141-4F61-9736-0A57FA7E7D97}.Debug|x86.Build.0 = Debug|Win32
		{9B906695-C141-4F61-9736-0A57FA7E7D97}.Release|x64.ActiveCfg = Release|x64
		{9B906695-C141-4F61-9736-0A57FA7E7D97}.Release|x64.Build.0 = Release|x64
		{9B906695-C141-4F61-9736-0A57FA7E7D97}.Release|x86.ActiveCfg = Release|Win32
		{9B906695-C141-4F61-9736-0A57FA7E7D97}.Release|x86.Build.0 = Release|Win32
		{3F7D86FB-EEA0-4C84-8F3A-EEF593612E16}.Debug|x64.ActiveCfg = Debug|x64
		{3F7D86FB-EEA0-4C84-8F3A-EEF593612E16}.Debug|x64.Build.0 = Debug|x64
		{3F7D86FB-EEA0-4C84-8F3A-EEF593612E16}.Debug|x86.ActiveCfg = Debug|Win32
		{3F7D86FB-EEA0-4C84-8F3A-EEF593612E16}.Debug|x86.Build.0 = Debug|Win32
		{3F7D86FB-EEA0-4C84-8F3A-EEF593612E16}.Release|x64.ActiveCfg = Release|x64
		{3F7D86FB-EEA0-4C84-8F3A-EEF593612E16}.Release|x64.Build.0 = Release|x64
		{3F7D86FB-EEA0-4C84-8F3A-EEF593612E16}.Release|x86.ActiveCfg = Release|Win32
		{3F7D86FB-EEA0-4C84-8F3A-EEF593612E16}.Release|x86.Build.0 = Release|Win32
	EndGlobalSection
	GlobalSection(SolutionProperties) = preSolution
		HideSolutionNode = FALSE
	EndGlobalSection
	GlobalSection(ExtensibilityGlobals) = postSolution
		SolutionGuid = {59F8D873-F06D-4C22-83B2-31A529E48D12}
	EndGlobalSection
EndGlobal
