
Microsoft Visual Studio Solution File, Format Version 12.00
# Visual Studio Version 17
VisualStudioVersion = 17.2.32516.85
MinimumVisualStudioVersion = 10.0.40219.1
Project("{8BC9CEB8-8B4A-11D0-8D11-00A0C91BC942}") = "Sem1_Week9", "Sem1_Week9\Sem1_Week9.vcxproj", "{60234A64-BB21-49F9-90B8-DC1E6585F55A}"
EndProject
Global
	GlobalSection(SolutionConfigurationPlatforms) = preSolution
		Debug|x64 = Debug|x64
		Debug|x86 = Debug|x86
		Release|x64 = Release|x64
		Release|x86 = Release|x86
	EndGlobalSection
	GlobalSection(ProjectConfigurationPlatforms) = postSolution
		{60234A64-BB21-49F9-90B8-DC1E6585F55A}.Debug|x64.ActiveCfg = Debug|x64
		{60234A64-BB21-49F9-90B8-DC1E6585F55A}.Debug|x64.Build.0 = Debug|x64
		{60234A64-BB21-49F9-90B8-DC1E6585F55A}.Debug|x86.ActiveCfg = Debug|Win32
		{60234A64-BB21-49F9-90B8-DC1E6585F55A}.Debug|x86.Build.0 = Debug|Win32
		{60234A64-BB21-49F9-90B8-DC1E6585F55A}.Release|x64.ActiveCfg = Release|x64
		{60234A64-BB21-49F9-90B8-DC1E6585F55A}.Release|x64.Build.0 = Release|x64
		{60234A64-BB21-49F9-90B8-DC1E6585F55A}.Release|x86.ActiveCfg = Release|Win32
		{60234A64-BB21-49F9-90B8-DC1E6585F55A}.Release|x86.Build.0 = Release|Win32
	EndGlobalSection
	GlobalSection(SolutionProperties) = preSolution
		HideSolutionNode = FALSE
	EndGlobalSection
	GlobalSection(ExtensibilityGlobals) = postSolution
		SolutionGuid = {3AE5668A-4E8B-4B13-B033-51DB6AEE8EF3}
	EndGlobalSection
EndGlobal
